# This file is autogenerated, do not edit; changes may be undone by the next 'dep ensure'.


[[projects]]
  name = "github.com/docker/docker"
  packages = ["."]
  revision = "5d25f3232c38d6a7ed31860948058b8ec1d95656"
  version = "v0.5.3"

[[projects]]
  name = "github.com/dotcloud/docker"
  packages = [
    "auth",
    "registry",
    "term",
    "utils"
  ]
  revision = "28b162eeb48002e1824a1b43bbc864e93af8e26b"
  version = "v0.7.2"

[[projects]]
  name = "github.com/gorilla/context"
  packages = ["."]
  revision = "1ea25387ff6f684839d82767c1733ff4d4d15d0a"
  version = "v1.1"

[[projects]]
  name = "github.com/gorilla/mux"
  packages = ["."]
  revision = "7f08801859139f86dfafd1c296e2cba9a80d292e"
  version = "v1.6.0"

[[projects]]
  name = "github.com/kr/pty"
  packages = ["."]
  revision = "1278f20d9cf7455f0465f3bf74a73d1eeb555c0f"
  version = "v1.1.0"

[solve-meta]
  analyzer-name = "dep"
  analyzer-version = 1
  inputs-digest = "a65b4e465f11f52ed50856688d7985fc9b6b80800c8f5177dd317fb0b3209bb9"
  solver-name = "gps-cdcl"
  solver-version = 1
